// !$*UTF8*$!
{
	archiveVersion = 1;
	classes = {
	};
	objectVersion = 48;
	objects = {

/* Begin PBXBuildFile section */
		BD41E350207CB8E5002D8A74 /* AppDelegate.m in Sources */ = {isa = PBXBuildFile; fileRef = BD41E34F207CB8E5002D8A74 /* AppDelegate.m */; };
		BD41E353207CB8E5002D8A74 /* ViewController.m in Sources */ = {isa = PBXBuildFile; fileRef = BD41E352207CB8E5002D8A74 /* ViewController.m */; };
		BD41E356207CB8E5002D8A74 /* Main.storyboard in Resources */ = {isa = PBXBuildFile; fileRef = BD41E354207CB8E5002D8A74 /* Main.storyboard */; };
		BD41E358207CB8E5002D8A74 /* Assets.xcassets in Resources */ = {isa = PBXBuildFile; fileRef = BD41E357207CB8E5002D8A74 /* Assets.xcassets */; };
		BD41E35B207CB8E5002D8A74 /* LaunchScreen.storyboard in Resources */ = {isa = PBXBuildFile; fileRef = BD41E359207CB8E5002D8A74 /* LaunchScreen.storyboard */; };
		BD41E35E207CB8E5002D8A74 /* main.m in Sources */ = {isa = PBXBuildFile; fileRef = BD41E35D207CB8E5002D8A74 /* main.m */; };
/* End PBXBuildFile section */

/* Begin PBXFileReference section */
		BD41E34B207CB8E5002D8A74 /* RNVisenze.app */ = {isa = PBXFileReference; explicitFileType = wrapper.application; includeInIndex = 0; path = RNVisenze.app; sourceTree = BUILT_PRODUCTS_DIR; };
		BD41E34E207CB8E5002D8A74 /* AppDelegate.h */ = {isa = PBXFileReference; lastKnownFileType = sourcecode.c.h; path = AppDelegate.h; sourceTree = "<group>"; };
		BD41E34F207CB8E5002D8A74 /* AppDelegate.m */ = {isa = PBXFileReference; lastKnownFileType = sourcecode.c.objc; path = AppDelegate.m; sourceTree = "<group>"; };
		BD41E351207CB8E5002D8A74 /* ViewController.h */ = {isa = PBXFileReference; lastKnownFileType = sourcecode.c.h; path = ViewController.h; sourceTree = "<group>"; };
		BD41E352207CB8E5002D8A74 /* ViewController.m */ = {isa = PBXFileReference; lastKnownFileType = sourcecode.c.objc; path = ViewController.m; sourceTree = "<group>"; };
		BD41E355207CB8E5002D8A74 /* Base */ = {isa = PBXFileReference; lastKnownFileType = file.storyboard; name = Base; path = Base.lproj/Main.storyboard; sourceTree = "<group>"; };
		BD41E357207CB8E5002D8A74 /* Assets.xcassets */ = {isa = PBXFileReference; lastKnownFileType = folder.assetcatalog; path = Assets.xcassets; sourceTree = "<group>"; };
		BD41E35A207CB8E5002D8A74 /* Base */ = {isa = PBXFileReference; lastKnownFileType = file.storyboard; name = Base; path = Base.lproj/LaunchScreen.storyboard; sourceTree = "<group>"; };
		BD41E35C207CB8E5002D8A74 /* Info.plist */ = {isa = PBXFileReference; lastKnownFileType = text.plist.xml; path = Info.plist; sourceTree = "<group>"; };
		BD41E35D207CB8E5002D8A74 /* main.m */ = {isa = PBXFileReference; lastKnownFileType = sourcecode.c.objc; path = main.m; sourceTree = "<group>"; };
/* End PBXFileReference section */

/* Begin PBXFrameworksBuildPhase section */
		BD41E348207CB8E5002D8A74 /* Frameworks */ = {
			isa = PBXFrameworksBuildPhase;
			buildActionMask = 2147483647;
			files = (
			);
			runOnlyForDeploymentPostprocessing = 0;
		};
/* End PBXFrameworksBuildPhase section */

/* Begin PBXGroup section */
		BD41E342207CB8E5002D8A74 = {
			isa = PBXGroup;
			children = (
				BD41E34D207CB8E5002D8A74 /* RNVisenze */,
				BD41E34C207CB8E5002D8A74 /* Products */,
			);
			sourceTree = "<group>";
		};
		BD41E34C207CB8E5002D8A74 /* Products */ = {
			isa = PBXGroup;
			children = (
				BD41E34B207CB8E5002D8A74 /* RNVisenze.app */,
			);
			name = Products;
			sourceTree = "<group>";
		};
		BD41E34D207CB8E5002D8A74 /* RNVisenze */ = {
			isa = PBXGroup;
			children = (
				BD41E34E207CB8E5002D8A74 /* AppDelegate.h */,
				BD41E34F207CB8E5002D8A74 /* AppDelegate.m */,
				BD41E351207CB8E5002D8A74 /* ViewController.h */,
				BD41E352207CB8E5002D8A74 /* ViewController.m */,
				BD41E354207CB8E5002D8A74 /* Main.storyboard */,
				BD41E357207CB8E5002D8A74 /* Assets.xcassets */,
				BD41E359207CB8E5002D8A74 /* LaunchScreen.storyboard */,
				BD41E35C207CB8E5002D8A74 /* Info.plist */,
				BD41E35D207CB8E5002D8A74 /* main.m */,
			);
			path = RNVisenze;
			sourceTree = "<group>";
		};
/* End PBXGroup section */

/* Begin PBXNativeTarget section */
		BD41E34A207CB8E5002D8A74 /* RNVisenze */ = {
			isa = PBXNativeTarget;
			buildConfigurationList = BD41E361207CB8E5002D8A74 /* Build configuration list for PBXNativeTarget "RNVisenze" */;
			buildPhases = (
				BD41E347207CB8E5002D8A74 /* Sources */,
				BD41E348207CB8E5002D8A74 /* Frameworks */,
				BD41E349207CB8E5002D8A74 /* Resources */,
			);
			buildRules = (
			);
			dependencies = (
			);
			name = RNVisenze;
			productName = RNVisenze;
			productReference = BD41E34B207CB8E5002D8A74 /* RNVisenze.app */;
			productType = "com.apple.product-type.application";
		};
/* End PBXNativeTarget section */

/* Begin PBXProject section */
		BD41E343207CB8E5002D8A74 /* Project object */ = {
			isa = PBXProject;
			attributes = {
				LastUpgradeCheck = 0920;
				ORGANIZATIONNAME = Mozes;
				TargetAttributes = {
					BD41E34A207CB8E5002D8A74 = {
						CreatedOnToolsVersion = 9.2;
						ProvisioningStyle = Automatic;
					};
				};
			};
			buildConfigurationList = BD41E346207CB8E5002D8A74 /* Build configuration list for PBXProject "RNVisenze" */;
			compatibilityVersion = "Xcode 8.0";
			developmentRegion = en;
			hasScannedForEncodings = 0;
			knownRegions = (
				en,
				Base,
			);
			mainGroup = BD41E342207CB8E5002D8A74;
			productRefGroup = BD41E34C207CB8E5002D8A74 /* Products */;
			projectDirPath = "";
			projectRoot = "";
			targets = (
				BD41E34A207CB8E5002D8A74 /* RNVisenze */,
			);
		};
/* End PBXProject section */

/* Begin PBXResourcesBuildPhase section */
		BD41E349207CB8E5002D8A74 /* Resources */ = {
			isa = PBXResourcesBuildPhase;
			buildActionMask = 2147483647;
			files = (
				BD41E35B207CB8E5002D8A74 /* LaunchScreen.storyboard in Resources */,
				BD41E358207CB8E5002D8A74 /* Assets.xcassets in Resources */,
				BD41E356207CB8E5002D8A74 /* Main.storyboard in Resources */,
			);
			runOnlyForDeploymentPostprocessing = 0;
		};
/* End PBXResourcesBuildPhase section */

/* Begin PBXSourcesBuildPhase section */
		BD41E347207CB8E5002D8A74 /* Sources */ = {
			isa = PBXSourcesBuildPhase;
			buildActionMask = 2147483647;
			files = (
				BD41E353207CB8E5002D8A74 /* ViewController.m in Sources */,
				BD41E35E207CB8E5002D8A74 /* main.m in Sources */,
				BD41E350207CB8E5002D8A74 /* AppDelegate.m in Sources */,
			);
			runOnlyForDeploymentPostprocessing = 0;
		};
/* End PBXSourcesBuildPhase section */

/* Begin PBXVariantGroup section */
		BD41E354207CB8E5002D8A74 /* Main.storyboard */ = {
			isa = PBXVariantGroup;
			children = (
				BD41E355207CB8E5002D8A74 /* Base */,
			);
			name = Main.storyboard;
			sourceTree = "<group>";
		};
		BD41E359207CB8E5002D8A74 /* LaunchScreen.storyboard */ = {
			isa = PBXVariantGroup;
			children = (
				BD41E35A207CB8E5002D8A74 /* Base */,
			);
			name = LaunchScreen.storyboard;
			sourceTree = "<group>";
		};
/* End PBXVariantGroup section */

/* Begin XCBuildConfiguration section */
		BD41E35F207CB8E5002D8A74 /* Debug */ = {
			isa = XCBuildConfiguration;
			buildSettings = {
				ALWAYS_SEARCH_USER_PATHS = NO;
				CLANG_ANALYZER_NONNULL = YES;
				CLANG_ANALYZER_NUMBER_OBJECT_CONVERSION = YES_AGGRESSIVE;
				CLANG_CXX_LANGUAGE_STANDARD = "gnu++14";
				CLANG_CXX_LIBRARY = "libc++";
				CLANG_ENABLE_MODULES = YES;
				CLANG_ENABLE_OBJC_ARC = YES;
				CLANG_WARN_BLOCK_CAPTURE_AUTORELEASING = YES;
				CLANG_WARN_BOOL_CONVERSION = YES;
				CLANG_WARN_COMMA = YES;
				CLANG_WARN_CONSTANT_CONVERSION = YES;
				CLANG_WARN_DIRECT_OBJC_ISA_USAGE = YES_ERROR;
				CLANG_WARN_DOCUMENTATION_COMMENTS = YES;
				CLANG_WARN_EMPTY_BODY = YES;
				CLANG_WARN_ENUM_CONVERSION = YES;
				CLANG_WARN_INFINITE_RECURSION = YES;
				CLANG_WARN_INT_CONVERSION = YES;
				CLANG_WARN_NON_LITERAL_NULL_CONVERSION = YES;
				CLANG_WARN_OBJC_LITERAL_CONVERSION = YES;
				CLANG_WARN_OBJC_ROOT_CLASS = YES_ERROR;
				CLANG_WARN_RANGE_LOOP_ANALYSIS = YES;
				CLANG_WARN_STRICT_PROTOTYPES = YES;
				CLANG_WARN_SUSPICIOUS_MOVE = YES;
				CLANG_WARN_UNGUARDED_AVAILABILITY = YES_AGGRESSIVE;
				CLANG_WARN_UNREACHABLE_CODE = YES;
				CLANG_WARN__DUPLICATE_METHOD_MATCH = YES;
				CODE_SIGN_IDENTITY = "iPhone Developer";
				COPY_PHASE_STRIP = NO;
				DEBUG_INFORMATION_FORMAT = dwarf;
				ENABLE_STRICT_OBJC_MSGSEND = YES;
				ENABLE_TESTABILITY = YES;
				GCC_C_LANGUAGE_STANDARD = gnu11;
				GCC_DYNAMIC_NO_PIC = NO;
				GCC_NO_COMMON_BLOCKS = YES;
				GCC_OPTIMIZATION_LEVEL = 0;
				GCC_PREPROCESSOR_DEFINITIONS = (
					"DEBUG=1",
					"$(inherited)",
				);
				GCC_WARN_64_TO_32_BIT_CONVERSION = YES;
				GCC_WARN_ABOUT_RETURN_TYPE = YES_ERROR;
				GCC_WARN_UNDECLARED_SELECTOR = YES;
				GCC_WARN_UNINITIALIZED_AUTOS = YES_AGGRESSIVE;
				GCC_WARN_UNUSED_FUNCTION = YES;
				GCC_WARN_UNUSED_VARIABLE = YES;
				IPHONEOS_DEPLOYMENT_TARGET = 11.2;
				MTL_ENABLE_DEBUG_INFO = YES;
				ONLY_ACTIVE_ARCH = YES;
				SDKROOT = iphoneos;
			};
			name = Debug;
		};
		BD41E360207CB8E5002D8A74 /* Release */ = {
			isa = XCBuildConfiguration;
			buildSettings = {
				ALWAYS_SEARCH_USER_PATHS = NO;
				CLANG_ANALYZER_NONNULL = YES;
				CLANG_ANALYZER_NUMBER_OBJECT_CONVERSION = YES_AGGRESSIVE;
				CLANG_CXX_LANGUAGE_STANDARD = "gnu++14";
				CLANG_CXX_LIBRARY = "libc++";
				CLANG_ENABLE_MODULES = YES;
				CLANG_ENABLE_OBJC_ARC = YES;
				CLANG_WARN_BLOCK_CAPTURE_AUTORELEASING = YES;
				CLANG_WARN_BOOL_CONVERSION = YES;
				CLANG_WARN_COMMA = YES;
				CLANG_WARN_CONSTANT_CONVERSION = YES;
				CLANG_WARN_DIRECT_OBJC_ISA_USAGE = YES_ERROR;
				CLANG_WARN_DOCUMENTATION_COMMENTS = YES;
				CLANG_WARN_EMPTY_BODY = YES;
				CLANG_WARN_ENUM_CONVERSION = YES;
				CLANG_WARN_INFINITE_RECURSION = YES;
				CLANG_WARN_INT_CONVERSION = YES;
				CLANG_WARN_NON_LITERAL_NULL_CONVERSION = YES;
				CLANG_WARN_OBJC_LITERAL_CONVERSION = YES;
				CLANG_WARN_OBJC_ROOT_CLASS = YES_ERROR;
				CLANG_WARN_RANGE_LOOP_ANALYSIS = YES;
				CLANG_WARN_STRICT_PROTOTYPES = YES;
				CLANG_WARN_SUSPICIOUS_MOVE = YES;
				CLANG_WARN_UNGUARDED_AVAILABILITY = YES_AGGRESSIVE;
				CLANG_WARN_UNREACHABLE_CODE = YES;
				CLANG_WARN__DUPLICATE_METHOD_MATCH = YES;
				CODE_SIGN_IDENTITY = "iPhone Developer";
				COPY_PHASE_STRIP = NO;
				DEBUG_INFORMATION_FORMAT = "dwarf-with-dsym";
				ENABLE_NS_ASSERTIONS = NO;
				ENABLE_STRICT_OBJC_MSGSEND = YES;
				GCC_C_LANGUAGE_STANDARD = gnu11;
				GCC_NO_COMMON_BLOCKS = YES;
				GCC_WARN_64_TO_32_BIT_CONVERSION = YES;
				GCC_WARN_ABOUT_RETURN_TYPE = YES_ERROR;
				GCC_WARN_UNDECLARED_SELECTOR = YES;
				GCC_WARN_UNINITIALIZED_AUTOS = YES_AGGRESSIVE;
				GCC_WARN_UNUSED_FUNCTION = YES;
				GCC_WARN_UNUSED_VARIABLE = YES;
				IPHONEOS_DEPLOYMENT_TARGET = 11.2;
				MTL_ENABLE_DEBUG_INFO = NO;
				SDKROOT = iphoneos;
				VALIDATE_PRODUCT = YES;
			};
			name = Release;
		};
		BD41E362207CB8E5002D8A74 /* Debug */ = {
			isa = XCBuildConfiguration;
			buildSettings = {
				ASSETCATALOG_COMPILER_APPICON_NAME = AppIcon;
				CODE_SIGN_STYLE = Automatic;
				INFOPLIST_FILE = RNVisenze/Info.plist;
				LD_RUNPATH_SEARCH_PATHS = "$(inherited) @executable_path/Frameworks";
				PRODUCT_BUNDLE_IDENTIFIER = com.reebonz.RNVisenze;
				PRODUCT_NAME = "$(TARGET_NAME)";
				TARGETED_DEVICE_FAMILY = "1,2";
			};
			name = Debug;
		};
		BD41E363207CB8E5002D8A74 /* Release */ = {
			isa = XCBuildConfiguration;
			buildSettings = {
				ASSETCATALOG_COMPILER_APPICON_NAME = AppIcon;
				CODE_SIGN_STYLE = Automatic;
				INFOPLIST_FILE = RNVisenze/Info.plist;
				LD_RUNPATH_SEARCH_PATHS = "$(inherited) @executable_path/Frameworks";
				PRODUCT_BUNDLE_IDENTIFIER = com.reebonz.RNVisenze;
				PRODUCT_NAME = "$(TARGET_NAME)";
				TARGETED_DEVICE_FAMILY = "1,2";
			};
			name = Release;
		};
/* End XCBuildConfiguration section */

/* Begin XCConfigurationList section */
		BD41E346207CB8E5002D8A74 /* Build configuration list for PBXProject "RNVisenze" */ = {
			isa = XCConfigurationList;
			buildConfigurations = (
				BD41E35F207CB8E5002D8A74 /* Debug */,
				BD41E360207CB8E5002D8A74 /* Release */,
			);
			defaultConfigurationIsVisible = 0;
			defaultConfigurationName = Release;
		};
		BD41E361207CB8E5002D8A74 /* Build configuration list for PBXNativeTarget "RNVisenze" */ = {
			isa = XCConfigurationList;
			buildConfigurations = (
				BD41E362207CB8E5002D8A74 /* Debug */,
				BD41E363207CB8E5002D8A74 /* Release */,
			);
			defaultConfigurationIsVisible = 0;
			defaultConfigurationName = Release;
		};
/* End XCConfigurationList section */
	};
	rootObject = BD41E343207CB8E5002D8A74 /* Project object */;
}
